
Microsoft Visual Studio Solution File, Format Version 12.00
# Visual Studio Express 2012 for Windows Desktop
Project("{FAE04EC0-301F-11D3-BF4B-00C04F79EFBC}") = "Ds3", "ds3_net_sdk\Ds3.csproj", "{00047EA6-0178-4ABD-B183-D1D73D222673}"
EndProject
Project("{FAE04EC0-301F-11D3-BF4B-00C04F79EFBC}") = "ds3ClassRunner", "ds3ClassRunner\ds3ClassRunner.csproj", "{8417C1A2-7310-4282-973C-E6590E3B997C}"
EndProject
Global
	GlobalSection(SolutionConfigurationPlatforms) = preSolution
		Debug|Any CPU = Debug|Any CPU
		Release|Any CPU = Release|Any CPU
	EndGlobalSection
	GlobalSection(ProjectConfigurationPlatforms) = postSolution
		{00047EA6-0178-4ABD-B183-D1D73D222673}.Debug|Any CPU.ActiveCfg = Debug|Any CPU
		{00047EA6-0178-4ABD-B183-D1D73D222673}.Debug|Any CPU.Build.0 = Debug|Any CPU
		{00047EA6-0178-4ABD-B183-D1D73D222673}.Release|Any CPU.ActiveCfg = Release|Any CPU
		{00047EA6-0178-4ABD-B183-D1D73D222673}.Release|Any CPU.Build.0 = Release|Any CPU
		{8417C1A2-7310-4282-973C-E6590E3B997C}.Debug|Any CPU.ActiveCfg = Debug|Any CPU
		{8417C1A2-7310-4282-973C-E6590E3B997C}.Debug|Any CPU.Build.0 = Debug|Any CPU
		{8417C1A2-7310-4282-973C-E6590E3B997C}.Release|Any CPU.ActiveCfg = Release|Any CPU
		{8417C1A2-7310-4282-973C-E6590E3B997C}.Release|Any CPU.Build.0 = Release|Any CPU
	EndGlobalSection
	GlobalSection(SolutionProperties) = preSolution
		HideSolutionNode = FALSE
	EndGlobalSection
EndGlobal
