
Microsoft Visual Studio Solution File, Format Version 12.00
# Visual Studio 2012
Project("{FAE04EC0-301F-11D3-BF4B-00C04F79EFBC}") = "Ds3", "Ds3\Ds3.csproj", "{00047EA6-0178-4ABD-B183-D1D73D222673}"
EndProject
Project("{2150E333-8FDC-42A3-9474-1A3956D46DE8}") = "Solution Items", "Solution Items", "{9CC8ED96-63BF-4CC0-853D-575B0BB50A7B}"
	ProjectSection(SolutionItems) = preProject
		LICENSE.md = LICENSE.md
		README.md = README.md
		VersionInfo.cs = VersionInfo.cs
	EndProjectSection
EndProject
Project("{FAE04EC0-301F-11D3-BF4B-00C04F79EFBC}") = "TestDs3", "TestDs3\TestDs3.csproj", "{E9315C7A-23BC-4D7D-BF63-FBB94B0F80E7}"
EndProject
Project("{2150E333-8FDC-42A3-9474-1A3956D46DE8}") = ".nuget", ".nuget", "{2D641731-E696-4F60-B444-A4DD1E7D03FD}"
	ProjectSection(SolutionItems) = preProject
		.nuget\packages.config = .nuget\packages.config
	EndProjectSection
EndProject
Project("{FAE04EC0-301F-11D3-BF4B-00C04F79EFBC}") = "IntegrationTestDs3", "IntegrationTestDS3\IntegrationTestDs3.csproj", "{B24AAFE5-7E66-4DE7-A0DD-8E4F77FF7D2E}"
EndProject
Global
	GlobalSection(SolutionConfigurationPlatforms) = preSolution
		Debug|Any CPU = Debug|Any CPU
		Release|Any CPU = Release|Any CPU
	EndGlobalSection
	GlobalSection(ProjectConfigurationPlatforms) = postSolution
		{00047EA6-0178-4ABD-B183-D1D73D222673}.Debug|Any CPU.ActiveCfg = Debug|Any CPU
		{00047EA6-0178-4ABD-B183-D1D73D222673}.Debug|Any CPU.Build.0 = Debug|Any CPU
		{00047EA6-0178-4ABD-B183-D1D73D222673}.Release|Any CPU.ActiveCfg = Release|Any CPU
		{00047EA6-0178-4ABD-B183-D1D73D222673}.Release|Any CPU.Build.0 = Release|Any CPU
		{E9315C7A-23BC-4D7D-BF63-FBB94B0F80E7}.Debug|Any CPU.ActiveCfg = Debug|Any CPU
		{E9315C7A-23BC-4D7D-BF63-FBB94B0F80E7}.Debug|Any CPU.Build.0 = Debug|Any CPU
		{E9315C7A-23BC-4D7D-BF63-FBB94B0F80E7}.Release|Any CPU.ActiveCfg = Release|Any CPU
		{E9315C7A-23BC-4D7D-BF63-FBB94B0F80E7}.Release|Any CPU.Build.0 = Release|Any CPU
		{B24AAFE5-7E66-4DE7-A0DD-8E4F77FF7D2E}.Debug|Any CPU.ActiveCfg = Debug|Any CPU
		{B24AAFE5-7E66-4DE7-A0DD-8E4F77FF7D2E}.Debug|Any CPU.Build.0 = Debug|Any CPU
		{B24AAFE5-7E66-4DE7-A0DD-8E4F77FF7D2E}.Release|Any CPU.ActiveCfg = Release|Any CPU
		{B24AAFE5-7E66-4DE7-A0DD-8E4F77FF7D2E}.Release|Any CPU.Build.0 = Release|Any CPU
	EndGlobalSection
	GlobalSection(SolutionProperties) = preSolution
		HideSolutionNode = FALSE
	EndGlobalSection
EndGlobal
